// !$*UTF8*$!
{
	archiveVersion = 1;
	classes = {
	};
	objectVersion = 46;
	objects = {

/* Begin PBXBuildFile section */
		76B28ADB1BFF8748004AC8DC /* main.m in Sources */ = {isa = PBXBuildFile; fileRef = 76B28ADA1BFF8748004AC8DC /* main.m */; };
		76B28ADE1BFF8748004AC8DC /* AppDelegate.m in Sources */ = {isa = PBXBuildFile; fileRef = 76B28ADD1BFF8748004AC8DC /* AppDelegate.m */; };
		76B28AE11BFF8748004AC8DC /* ViewController.m in Sources */ = {isa = PBXBuildFile; fileRef = 76B28AE01BFF8748004AC8DC /* ViewController.m */; };
		76B28AE41BFF8748004AC8DC /* Main.storyboard in Resources */ = {isa = PBXBuildFile; fileRef = 76B28AE21BFF8748004AC8DC /* Main.storyboard */; };
		76B28AE61BFF8748004AC8DC /* Assets.xcassets in Resources */ = {isa = PBXBuildFile; fileRef = 76B28AE51BFF8748004AC8DC /* Assets.xcassets */; };
		76B28AE91BFF8748004AC8DC /* LaunchScreen.storyboard in Resources */ = {isa = PBXBuildFile; fileRef = 76B28AE71BFF8748004AC8DC /* LaunchScreen.storyboard */; };
		76B28AF41BFF8748004AC8DC /* FortuneTellerAppTests.m in Sources */ = {isa = PBXBuildFile; fileRef = 76B28AF31BFF8748004AC8DC /* FortuneTellerAppTests.m */; };
		76B28AFF1BFF8748004AC8DC /* FortuneTellerAppUITests.m in Sources */ = {isa = PBXBuildFile; fileRef = 76B28AFE1BFF8748004AC8DC /* FortuneTellerAppUITests.m */; };
		76B28B0D1BFFAAFC004AC8DC /* Fortune.jpg in Resources */ = {isa = PBXBuildFile; fileRef = 76B28B0C1BFFAAFC004AC8DC /* Fortune.jpg */; };
/* End PBXBuildFile section */

/* Begin PBXContainerItemProxy section */
		76B28AF01BFF8748004AC8DC /* PBXContainerItemProxy */ = {
			isa = PBXContainerItemProxy;
			containerPortal = 76B28ACE1BFF8748004AC8DC /* Project object */;
			proxyType = 1;
			remoteGlobalIDString = 76B28AD51BFF8748004AC8DC;
			remoteInfo = FortuneTellerApp;
		};
		76B28AFB1BFF8748004AC8DC /* PBXContainerItemProxy */ = {
			isa = PBXContainerItemProxy;
			containerPortal = 76B28ACE1BFF8748004AC8DC /* Project object */;
			proxyType = 1;
			remoteGlobalIDString = 76B28AD51BFF8748004AC8DC;
			remoteInfo = FortuneTellerApp;
		};
/* End PBXContainerItemProxy section */

/* Begin PBXFileReference section */
		76B28AD61BFF8748004AC8DC /* FortuneTellerApp.app */ = {isa = PBXFileReference; explicitFileType = wrapper.application; includeInIndex = 0; path = FortuneTellerApp.app; sourceTree = BUILT_PRODUCTS_DIR; };
		76B28ADA1BFF8748004AC8DC /* main.m */ = {isa = PBXFileReference; lastKnownFileType = sourcecode.c.objc; path = main.m; sourceTree = "<group>"; };
		76B28ADC1BFF8748004AC8DC /* AppDelegate.h */ = {isa = PBXFileReference; lastKnownFileType = sourcecode.c.h; path = AppDelegate.h; sourceTree = "<group>"; };
		76B28ADD1BFF8748004AC8DC /* AppDelegate.m */ = {isa = PBXFileReference; lastKnownFileType = sourcecode.c.objc; path = AppDelegate.m; sourceTree = "<group>"; };
		76B28ADF1BFF8748004AC8DC /* ViewController.h */ = {isa = PBXFileReference; lastKnownFileType = sourcecode.c.h; path = ViewController.h; sourceTree = "<group>"; };
		76B28AE01BFF8748004AC8DC /* ViewController.m */ = {isa = PBXFileReference; lastKnownFileType = sourcecode.c.objc; path = ViewController.m; sourceTree = "<group>"; };
		76B28AE31BFF8748004AC8DC /* Base */ = {isa = PBXFileReference; lastKnownFileType = file.storyboard; name = Base; path = Base.lproj/Main.storyboard; sourceTree = "<group>"; };
		76B28AE51BFF8748004AC8DC /* Assets.xcassets */ = {isa = PBXFileReference; lastKnownFileType = folder.assetcatalog; path = Assets.xcassets; sourceTree = "<group>"; };
		76B28AE81BFF8748004AC8DC /* Base */ = {isa = PBXFileReference; lastKnownFileType = file.storyboard; name = Base; path = Base.lproj/LaunchScreen.storyboard; sourceTree = "<group>"; };
		76B28AEA1BFF8748004AC8DC /* Info.plist */ = {isa = PBXFileReference; lastKnownFileType = text.plist.xml; path = Info.plist; sourceTree = "<group>"; };
		76B28AEF1BFF8748004AC8DC /* FortuneTellerAppTests.xctest */ = {isa = PBXFileReference; explicitFileType = wrapper.cfbundle; includeInIndex = 0; path = FortuneTellerAppTests.xctest; sourceTree = BUILT_PRODUCTS_DIR; };
		76B28AF31BFF8748004AC8DC /* FortuneTellerAppTests.m */ = {isa = PBXFileReference; lastKnownFileType = sourcecode.c.objc; path = FortuneTellerAppTests.m; sourceTree = "<group>"; };
		76B28AF51BFF8748004AC8DC /* Info.plist */ = {isa = PBXFileReference; lastKnownFileType = text.plist.xml; path = Info.plist; sourceTree = "<group>"; };
		76B28AFA1BFF8748004AC8DC /* FortuneTellerAppUITests.xctest */ = {isa = PBXFileReference; explicitFileType = wrapper.cfbundle; includeInIndex = 0; path = FortuneTellerAppUITests.xctest; sourceTree = BUILT_PRODUCTS_DIR; };
		76B28AFE1BFF8748004AC8DC /* FortuneTellerAppUITests.m */ = {isa = PBXFileReference; lastKnownFileType = sourcecode.c.objc; path = FortuneTellerAppUITests.m; sourceTree = "<group>"; };
		76B28B001BFF8748004AC8DC /* Info.plist */ = {isa = PBXFileReference; lastKnownFileType = text.plist.xml; path = Info.plist; sourceTree = "<group>"; };
		76B28B0C1BFFAAFC004AC8DC /* Fortune.jpg */ = {isa = PBXFileReference; lastKnownFileType = image.jpeg; path = Fortune.jpg; sourceTree = "<group>"; };
/* End PBXFileReference section */

/* Begin PBXFrameworksBuildPhase section */
		76B28AD31BFF8748004AC8DC /* Frameworks */ = {
			isa = PBXFrameworksBuildPhase;
			buildActionMask = 2147483647;
			files = (
			);
			runOnlyForDeploymentPostprocessing = 0;
		};
		76B28AEC1BFF8748004AC8DC /* Frameworks */ = {
			isa = PBXFrameworksBuildPhase;
			buildActionMask = 2147483647;
			files = (
			);
			runOnlyForDeploymentPostprocessing = 0;
		};
		76B28AF71BFF8748004AC8DC /* Frameworks */ = {
			isa = PBXFrameworksBuildPhase;
			buildActionMask = 2147483647;
			files = (
			);
			runOnlyForDeploymentPostprocessing = 0;
		};
/* End PBXFrameworksBuildPhase section */

/* Begin PBXGroup section */
		76B28ACD1BFF8748004AC8DC = {
			isa = PBXGroup;
			children = (
				76B28AD81BFF8748004AC8DC /* FortuneTellerApp */,
				76B28AF21BFF8748004AC8DC /* FortuneTellerAppTests */,
				76B28AFD1BFF8748004AC8DC /* FortuneTellerAppUITests */,
				76B28AD71BFF8748004AC8DC /* Products */,
			);
			sourceTree = "<group>";
		};
		76B28AD71BFF8748004AC8DC /* Products */ = {
			isa = PBXGroup;
			children = (
				76B28AD61BFF8748004AC8DC /* FortuneTellerApp.app */,
				76B28AEF1BFF8748004AC8DC /* FortuneTellerAppTests.xctest */,
				76B28AFA1BFF8748004AC8DC /* FortuneTellerAppUITests.xctest */,
			);
			name = Products;
			sourceTree = "<group>";
		};
		76B28AD81BFF8748004AC8DC /* FortuneTellerApp */ = {
			isa = PBXGroup;
			children = (
				76B28ADC1BFF8748004AC8DC /* AppDelegate.h */,
				76B28ADD1BFF8748004AC8DC /* AppDelegate.m */,
				76B28ADF1BFF8748004AC8DC /* ViewController.h */,
				76B28AE01BFF8748004AC8DC /* ViewController.m */,
				76B28AE21BFF8748004AC8DC /* Main.storyboard */,
				76B28AE51BFF8748004AC8DC /* Assets.xcassets */,
				76B28AE71BFF8748004AC8DC /* LaunchScreen.storyboard */,
				76B28AEA1BFF8748004AC8DC /* Info.plist */,
				76B28AD91BFF8748004AC8DC /* Supporting Files */,
			);
			path = FortuneTellerApp;
			sourceTree = "<group>";
		};
		76B28AD91BFF8748004AC8DC /* Supporting Files */ = {
			isa = PBXGroup;
			children = (
				76B28B0C1BFFAAFC004AC8DC /* Fortune.jpg */,
				76B28ADA1BFF8748004AC8DC /* main.m */,
			);
			name = "Supporting Files";
			sourceTree = "<group>";
		};
		76B28AF21BFF8748004AC8DC /* FortuneTellerAppTests */ = {
			isa = PBXGroup;
			children = (
				76B28AF31BFF8748004AC8DC /* FortuneTellerAppTests.m */,
				76B28AF51BFF8748004AC8DC /* Info.plist */,
			);
			path = FortuneTellerAppTests;
			sourceTree = "<group>";
		};
		76B28AFD1BFF8748004AC8DC /* FortuneTellerAppUITests */ = {
			isa = PBXGroup;
			children = (
				76B28AFE1BFF8748004AC8DC /* FortuneTellerAppUITests.m */,
				76B28B001BFF8748004AC8DC /* Info.plist */,
			);
			path = FortuneTellerAppUITests;
			sourceTree = "<group>";
		};
/* End PBXGroup section */

/* Begin PBXNativeTarget section */
		76B28AD51BFF8748004AC8DC /* FortuneTellerApp */ = {
			isa = PBXNativeTarget;
			buildConfigurationList = 76B28B031BFF8748004AC8DC /* Build configuration list for PBXNativeTarget "FortuneTellerApp" */;
			buildPhases = (
				76B28AD21BFF8748004AC8DC /* Sources */,
				76B28AD31BFF8748004AC8DC /* Frameworks */,
				76B28AD41BFF8748004AC8DC /* Resources */,
			);
			buildRules = (
			);
			dependencies = (
			);
			name = FortuneTellerApp;
			productName = FortuneTellerApp;
			productReference = 76B28AD61BFF8748004AC8DC /* FortuneTellerApp.app */;
			productType = "com.apple.product-type.application";
		};
		76B28AEE1BFF8748004AC8DC /* FortuneTellerAppTests */ = {
			isa = PBXNativeTarget;
			buildConfigurationList = 76B28B061BFF8748004AC8DC /* Build configuration list for PBXNativeTarget "FortuneTellerAppTests" */;
			buildPhases = (
				76B28AEB1BFF8748004AC8DC /* Sources */,
				76B28AEC1BFF8748004AC8DC /* Frameworks */,
				76B28AED1BFF8748004AC8DC /* Resources */,
			);
			buildRules = (
			);
			dependencies = (
				76B28AF11BFF8748004AC8DC /* PBXTargetDependency */,
			);
			name = FortuneTellerAppTests;
			productName = FortuneTellerAppTests;
			productReference = 76B28AEF1BFF8748004AC8DC /* FortuneTellerAppTests.xctest */;
			productType = "com.apple.product-type.bundle.unit-test";
		};
		76B28AF91BFF8748004AC8DC /* FortuneTellerAppUITests */ = {
			isa = PBXNativeTarget;
			buildConfigurationList = 76B28B091BFF8748004AC8DC /* Build configuration list for PBXNativeTarget "FortuneTellerAppUITests" */;
			buildPhases = (
				76B28AF61BFF8748004AC8DC /* Sources */,
				76B28AF71BFF8748004AC8DC /* Frameworks */,
				76B28AF81BFF8748004AC8DC /* Resources */,
			);
			buildRules = (
			);
			dependencies = (
				76B28AFC1BFF8748004AC8DC /* PBXTargetDependency */,
			);
			name = FortuneTellerAppUITests;
			productName = FortuneTellerAppUITests;
			productReference = 76B28AFA1BFF8748004AC8DC /* FortuneTellerAppUITests.xctest */;
			productType = "com.apple.product-type.bundle.ui-testing";
		};
/* End PBXNativeTarget section */

/* Begin PBXProject section */
		76B28ACE1BFF8748004AC8DC /* Project object */ = {
			isa = PBXProject;
			attributes = {
				LastUpgradeCheck = 0710;
				ORGANIZATIONNAME = "michael adams";
				TargetAttributes = {
					76B28AD51BFF8748004AC8DC = {
						CreatedOnToolsVersion = 7.1;
						DevelopmentTeam = PE35Z3V2Y5;
					};
					76B28AEE1BFF8748004AC8DC = {
						CreatedOnToolsVersion = 7.1;
						DevelopmentTeam = PE35Z3V2Y5;
						TestTargetID = 76B28AD51BFF8748004AC8DC;
					};
					76B28AF91BFF8748004AC8DC = {
						CreatedOnToolsVersion = 7.1;
						DevelopmentTeam = PE35Z3V2Y5;
						TestTargetID = 76B28AD51BFF8748004AC8DC;
					};
				};
			};
			buildConfigurationList = 76B28AD11BFF8748004AC8DC /* Build configuration list for PBXProject "FortuneTellerApp" */;
			compatibilityVersion = "Xcode 3.2";
			developmentRegion = English;
			hasScannedForEncodings = 0;
			knownRegions = (
				en,
				Base,
			);
			mainGroup = 76B28ACD1BFF8748004AC8DC;
			productRefGroup = 76B28AD71BFF8748004AC8DC /* Products */;
			projectDirPath = "";
			projectRoot = "";
			targets = (
				76B28AD51BFF8748004AC8DC /* FortuneTellerApp */,
				76B28AEE1BFF8748004AC8DC /* FortuneTellerAppTests */,
				76B28AF91BFF8748004AC8DC /* FortuneTellerAppUITests */,
			);
		};
/* End PBXProject section */

/* Begin PBXResourcesBuildPhase section */
		76B28AD41BFF8748004AC8DC /* Resources */ = {
			isa = PBXResourcesBuildPhase;
			buildActionMask = 2147483647;
			files = (
				76B28AE91BFF8748004AC8DC /* LaunchScreen.storyboard in Resources */,
				76B28B0D1BFFAAFC004AC8DC /* Fortune.jpg in Resources */,
				76B28AE61BFF8748004AC8DC /* Assets.xcassets in Resources */,
				76B28AE41BFF8748004AC8DC /* Main.storyboard in Resources */,
			);
			runOnlyForDeploymentPostprocessing = 0;
		};
		76B28AED1BFF8748004AC8DC /* Resources */ = {
			isa = PBXResourcesBuildPhase;
			buildActionMask = 2147483647;
			files = (
			);
			runOnlyForDeploymentPostprocessing = 0;
		};
		76B28AF81BFF8748004AC8DC /* Resources */ = {
			isa = PBXResourcesBuildPhase;
			buildActionMask = 2147483647;
			files = (
			);
			runOnlyForDeploymentPostprocessing = 0;
		};
/* End PBXResourcesBuildPhase section */

/* Begin PBXSourcesBuildPhase section */
		76B28AD21BFF8748004AC8DC /* Sources */ = {
			isa = PBXSourcesBuildPhase;
			buildActionMask = 2147483647;
			files = (
				76B28AE11BFF8748004AC8DC /* ViewController.m in Sources */,
				76B28ADE1BFF8748004AC8DC /* AppDelegate.m in Sources */,
				76B28ADB1BFF8748004AC8DC /* main.m in Sources */,
			);
			runOnlyForDeploymentPostprocessing = 0;
		};
		76B28AEB1BFF8748004AC8DC /* Sources */ = {
			isa = PBXSourcesBuildPhase;
			buildActionMask = 2147483647;
			files = (
				76B28AF41BFF8748004AC8DC /* FortuneTellerAppTests.m in Sources */,
			);
			runOnlyForDeploymentPostprocessing = 0;
		};
		76B28AF61BFF8748004AC8DC /* Sources */ = {
			isa = PBXSourcesBuildPhase;
			buildActionMask = 2147483647;
			files = (
				76B28AFF1BFF8748004AC8DC /* FortuneTellerAppUITests.m in Sources */,
			);
			runOnlyForDeploymentPostprocessing = 0;
		};
/* End PBXSourcesBuildPhase section */

/* Begin PBXTargetDependency section */
		76B28AF11BFF8748004AC8DC /* PBXTargetDependency */ = {
			isa = PBXTargetDependency;
			target = 76B28AD51BFF8748004AC8DC /* FortuneTellerApp */;
			targetProxy = 76B28AF01BFF8748004AC8DC /* PBXContainerItemProxy */;
		};
		76B28AFC1BFF8748004AC8DC /* PBXTargetDependency */ = {
			isa = PBXTargetDependency;
			target = 76B28AD51BFF8748004AC8DC /* FortuneTellerApp */;
			targetProxy = 76B28AFB1BFF8748004AC8DC /* PBXContainerItemProxy */;
		};
/* End PBXTargetDependency section */

/* Begin PBXVariantGroup section */
		76B28AE21BFF8748004AC8DC /* Main.storyboard */ = {
			isa = PBXVariantGroup;
			children = (
				76B28AE31BFF8748004AC8DC /* Base */,
			);
			name = Main.storyboard;
			sourceTree = "<group>";
		};
		76B28AE71BFF8748004AC8DC /* LaunchScreen.storyboard */ = {
			isa = PBXVariantGroup;
			children = (
				76B28AE81BFF8748004AC8DC /* Base */,
			);
			name = LaunchScreen.storyboard;
			sourceTree = "<group>";
		};
/* End PBXVariantGroup section */

/* Begin XCBuildConfiguration section */
		76B28B011BFF8748004AC8DC /* Debug */ = {
			isa = XCBuildConfiguration;
			buildSettings = {
				ALWAYS_SEARCH_USER_PATHS = NO;
				CLANG_CXX_LANGUAGE_STANDARD = "gnu++0x";
				CLANG_CXX_LIBRARY = "libc++";
				CLANG_ENABLE_MODULES = YES;
				CLANG_ENABLE_OBJC_ARC = YES;
				CLANG_WARN_BOOL_CONVERSION = YES;
				CLANG_WARN_CONSTANT_CONVERSION = YES;
				CLANG_WARN_DIRECT_OBJC_ISA_USAGE = YES_ERROR;
				CLANG_WARN_EMPTY_BODY = YES;
				CLANG_WARN_ENUM_CONVERSION = YES;
				CLANG_WARN_INT_CONVERSION = YES;
				CLANG_WARN_OBJC_ROOT_CLASS = YES_ERROR;
				CLANG_WARN_UNREACHABLE_CODE = YES;
				CLANG_WARN__DUPLICATE_METHOD_MATCH = YES;
				"CODE_SIGN_IDENTITY[sdk=iphoneos*]" = "iPhone Developer";
				COPY_PHASE_STRIP = NO;
				DEBUG_INFORMATION_FORMAT = dwarf;
				ENABLE_STRICT_OBJC_MSGSEND = YES;
				ENABLE_TESTABILITY = YES;
				GCC_C_LANGUAGE_STANDARD = gnu99;
				GCC_DYNAMIC_NO_PIC = NO;
				GCC_NO_COMMON_BLOCKS = YES;
				GCC_OPTIMIZATION_LEVEL = 0;
				GCC_PREPROCESSOR_DEFINITIONS = (
					"DEBUG=1",
					"$(inherited)",
				);
				GCC_WARN_64_TO_32_BIT_CONVERSION = YES;
				GCC_WARN_ABOUT_RETURN_TYPE = YES_ERROR;
				GCC_WARN_UNDECLARED_SELECTOR = YES;
				GCC_WARN_UNINITIALIZED_AUTOS = YES_AGGRESSIVE;
				GCC_WARN_UNUSED_FUNCTION = YES;
				GCC_WARN_UNUSED_VARIABLE = YES;
				IPHONEOS_DEPLOYMENT_TARGET = 9.1;
				MTL_ENABLE_DEBUG_INFO = YES;
				ONLY_ACTIVE_ARCH = YES;
				SDKROOT = iphoneos;
			};
			name = Debug;
		};
		76B28B021BFF8748004AC8DC /* Release */ = {
			isa = XCBuildConfiguration;
			buildSettings = {
				ALWAYS_SEARCH_USER_PATHS = NO;
				CLANG_CXX_LANGUAGE_STANDARD = "gnu++0x";
				CLANG_CXX_LIBRARY = "libc++";
				CLANG_ENABLE_MODULES = YES;
				CLANG_ENABLE_OBJC_ARC = YES;
				CLANG_WARN_BOOL_CONVERSION = YES;
				CLANG_WARN_CONSTANT_CONVERSION = YES;
				CLANG_WARN_DIRECT_OBJC_ISA_USAGE = YES_ERROR;
				CLANG_WARN_EMPTY_BODY = YES;
				CLANG_WARN_ENUM_CONVERSION = YES;
				CLANG_WARN_INT_CONVERSION = YES;
				CLANG_WARN_OBJC_ROOT_CLASS = YES_ERROR;
				CLANG_WARN_UNREACHABLE_CODE = YES;
				CLANG_WARN__DUPLICATE_METHOD_MATCH = YES;
				"CODE_SIGN_IDENTITY[sdk=iphoneos*]" = "iPhone Developer";
				COPY_PHASE_STRIP = NO;
				DEBUG_INFORMATION_FORMAT = "dwarf-with-dsym";
				ENABLE_NS_ASSERTIONS = NO;
				ENABLE_STRICT_OBJC_MSGSEND = YES;
				GCC_C_LANGUAGE_STANDARD = gnu99;
				GCC_NO_COMMON_BLOCKS = YES;
				GCC_WARN_64_TO_32_BIT_CONVERSION = YES;
				GCC_WARN_ABOUT_RETURN_TYPE = YES_ERROR;
				GCC_WARN_UNDECLARED_SELECTOR = YES;
				GCC_WARN_UNINITIALIZED_AUTOS = YES_AGGRESSIVE;
				GCC_WARN_UNUSED_FUNCTION = YES;
				GCC_WARN_UNUSED_VARIABLE = YES;
				IPHONEOS_DEPLOYMENT_TARGET = 9.1;
				MTL_ENABLE_DEBUG_INFO = NO;
				SDKROOT = iphoneos;
				VALIDATE_PRODUCT = YES;
			};
			name = Release;
		};
		76B28B041BFF8748004AC8DC /* Debug */ = {
			isa = XCBuildConfiguration;
			buildSettings = {
				ASSETCATALOG_COMPILER_APPICON_NAME = AppIcon;
				INFOPLIST_FILE = FortuneTellerApp/Info.plist;
				LD_RUNPATH_SEARCH_PATHS = "$(inherited) @executable_path/Frameworks";
				PRODUCT_BUNDLE_IDENTIFIER = "com.michael-adams.FortuneTellerApp";
				PRODUCT_NAME = "$(TARGET_NAME)";
			};
			name = Debug;
		};
		76B28B051BFF8748004AC8DC /* Release */ = {
			isa = XCBuildConfiguration;
			buildSettings = {
				ASSETCATALOG_COMPILER_APPICON_NAME = AppIcon;
				INFOPLIST_FILE = FortuneTellerApp/Info.plist;
				LD_RUNPATH_SEARCH_PATHS = "$(inherited) @executable_path/Frameworks";
				PRODUCT_BUNDLE_IDENTIFIER = "com.michael-adams.FortuneTellerApp";
				PRODUCT_NAME = "$(TARGET_NAME)";
			};
			name = Release;
		};
		76B28B071BFF8748004AC8DC /* Debug */ = {
			isa = XCBuildConfiguration;
			buildSettings = {
				BUNDLE_LOADER = "$(TEST_HOST)";
				INFOPLIST_FILE = FortuneTellerAppTests/Info.plist;
				LD_RUNPATH_SEARCH_PATHS = "$(inherited) @executable_path/Frameworks @loader_path/Frameworks";
				PRODUCT_BUNDLE_IDENTIFIER = "com.michael-adams.FortuneTellerAppTests";
				PRODUCT_NAME = "$(TARGET_NAME)";
				TEST_HOST = "$(BUILT_PRODUCTS_DIR)/FortuneTellerApp.app/FortuneTellerApp";
			};
			name = Debug;
		};
		76B28B081BFF8748004AC8DC /* Release */ = {
			isa = XCBuildConfiguration;
			buildSettings = {
				BUNDLE_LOADER = "$(TEST_HOST)";
				INFOPLIST_FILE = FortuneTellerAppTests/Info.plist;
				LD_RUNPATH_SEARCH_PATHS = "$(inherited) @executable_path/Frameworks @loader_path/Frameworks";
				PRODUCT_BUNDLE_IDENTIFIER = "com.michael-adams.FortuneTellerAppTests";
				PRODUCT_NAME = "$(TARGET_NAME)";
				TEST_HOST = "$(BUILT_PRODUCTS_DIR)/FortuneTellerApp.app/FortuneTellerApp";
			};
			name = Release;
		};
		76B28B0A1BFF8748004AC8DC /* Debug */ = {
			isa = XCBuildConfiguration;
			buildSettings = {
				INFOPLIST_FILE = FortuneTellerAppUITests/Info.plist;
				LD_RUNPATH_SEARCH_PATHS = "$(inherited) @executable_path/Frameworks @loader_path/Frameworks";
				PRODUCT_BUNDLE_IDENTIFIER = "com.michael-adams.FortuneTellerAppUITests";
				PRODUCT_NAME = "$(TARGET_NAME)";
				TEST_TARGET_NAME = FortuneTellerApp;
				USES_XCTRUNNER = YES;
			};
			name = Debug;
		};
		76B28B0B1BFF8748004AC8DC /* Release */ = {
			isa = XCBuildConfiguration;
			buildSettings = {
				INFOPLIST_FILE = FortuneTellerAppUITests/Info.plist;
				LD_RUNPATH_SEARCH_PATHS = "$(inherited) @executable_path/Frameworks @loader_path/Frameworks";
				PRODUCT_BUNDLE_IDENTIFIER = "com.michael-adams.FortuneTellerAppUITests";
				PRODUCT_NAME = "$(TARGET_NAME)";
				TEST_TARGET_NAME = FortuneTellerApp;
				USES_XCTRUNNER = YES;
			};
			name = Release;
		};
/* End XCBuildConfiguration section */

/* Begin XCConfigurationList section */
		76B28AD11BFF8748004AC8DC /* Build configuration list for PBXProject "FortuneTellerApp" */ = {
			isa = XCConfigurationList;
			buildConfigurations = (
				76B28B011BFF8748004AC8DC /* Debug */,
				76B28B021BFF8748004AC8DC /* Release */,
			);
			defaultConfigurationIsVisible = 0;
			defaultConfigurationName = Release;
		};
		76B28B031BFF8748004AC8DC /* Build configuration list for PBXNativeTarget "FortuneTellerApp" */ = {
			isa = XCConfigurationList;
			buildConfigurations = (
				76B28B041BFF8748004AC8DC /* Debug */,
				76B28B051BFF8748004AC8DC /* Release */,
			);
			defaultConfigurationIsVisible = 0;
		};
		76B28B061BFF8748004AC8DC /* Build configuration list for PBXNativeTarget "FortuneTellerAppTests" */ = {
			isa = XCConfigurationList;
			buildConfigurations = (
				76B28B071BFF8748004AC8DC /* Debug */,
				76B28B081BFF8748004AC8DC /* Release */,
			);
			defaultConfigurationIsVisible = 0;
		};
		76B28B091BFF8748004AC8DC /* Build configuration list for PBXNativeTarget "FortuneTellerAppUITests" */ = {
			isa = XCConfigurationList;
			buildConfigurations = (
				76B28B0A1BFF8748004AC8DC /* Debug */,
				76B28B0B1BFF8748004AC8DC /* Release */,
			);
			defaultConfigurationIsVisible = 0;
		};
/* End XCConfigurationList section */
	};
	rootObject = 76B28ACE1BFF8748004AC8DC /* Project object */;
}
